{
  "name": "@lsp-installer/vimls.tmp",
  "version": "1.0.0",
  "lockfileVersion": 2,
  "requires": true,
  "packages": {
    "": {
      "name": "@lsp-installer/vimls.tmp",
      "version": "1.0.0",
      "license": "ISC",
      "dependencies": {
        "vim-language-server": "^2.2.6"
      }
    },
    "node_modules/vim-language-server": {
      "version": "2.2.6",
      "resolved": "https://registry.npmjs.org/vim-language-server/-/vim-language-server-2.2.6.tgz",
      "integrity": "sha512-mgX18AzHsg2sDqh4aVVjk23iXf2s93lN7SZnZq2JE74/uGeXfrBckix3YdKtxgZe1vb1tiwDz9JRqoRV9SyGng==",
      "bin": {
        "vim-language-server": "bin/index.js"
      }
    }
  },
  "dependencies": {
    "vim-language-server": {
      "version": "2.2.6",
      "resolved": "https://registry.npmjs.org/vim-language-server/-/vim-language-server-2.2.6.tgz",
      "integrity": "sha512-mgX18AzHsg2sDqh4aVVjk23iXf2s93lN7SZnZq2JE74/uGeXfrBckix3YdKtxgZe1vb1tiwDz9JRqoRV9SyGng=="
    }
  }
}
